
Microsoft Visual Studio Solution File, Format Version 12.00
# Visual Studio Version 17
VisualStudioVersion = 17.13.35818.85
MinimumVisualStudioVersion = 10.0.40219.1
Project("{FAE04EC0-301F-11D3-BF4B-00C04F79EFBC}") = "ReservationsManagement", "ReservationsManagement\ReservationsManagement.csproj", "{08C14F75-F596-4D76-95DE-80EF28BB4355}"
EndProject
Global
	GlobalSection(SolutionConfigurationPlatforms) = preSolution
		Debug|Any CPU = Debug|Any CPU
		Release|Any CPU = Release|Any CPU
	EndGlobalSection
	GlobalSection(ProjectConfigurationPlatforms) = postSolution
		{08C14F75-F596-4D76-95DE-80EF28BB4355}.Debug|Any CPU.ActiveCfg = Debug|Any CPU
		{08C14F75-F596-4D76-95DE-80EF28BB4355}.Debug|Any CPU.Build.0 = Debug|Any CPU
		{08C14F75-F596-4D76-95DE-80EF28BB4355}.Release|Any CPU.ActiveCfg = Release|Any CPU
		{08C14F75-F596-4D76-95DE-80EF28BB4355}.Release|Any CPU.Build.0 = Release|Any CPU
	EndGlobalSection
	GlobalSection(SolutionProperties) = preSolution
		HideSolutionNode = FALSE
	EndGlobalSection
	GlobalSection(ExtensibilityGlobals) = postSolution
		SolutionGuid = {EEFAB63D-B0BE-45DB-9BD3-19033A4444CF}
	EndGlobalSection
EndGlobal
